Microsoft Visual Studio Solution File, Format Version 12.00
# Visual Studio Version 16
VisualStudioVersion = 16.0.30407.246
MinimumVisualStudioVersion = 10.0.40219.1
Project("{FAE04EC0-301F-11D3-BF4B-00C04F79EFBC}") = "HttpTrigger12345.Tests", "HttpTrigger12345.Tests\HttpTrigger12345.Tests.csproj", "{2194D7EB-FBBB-45A5-90EA-4F95C0CC987A}"
EndProject
Project("{FAE04EC0-301F-11D3-BF4B-00C04F79EFBC}") = "HttpTrigger12345", "HttpTrigger12345\HttpTrigger12345.csproj", "{BD11B3A8-92D0-4DD7-82F3-EB896E139114}"
EndProject
Global
	GlobalSection(SolutionConfigurationPlatforms) = preSolution
		Debug|Any CPU = Debug|Any CPU
		Debug|x64 = Debug|x64
		Debug|x86 = Debug|x86
		Release|Any CPU = Release|Any CPU
		Release|x64 = Release|x64
		Release|x86 = Release|x86
	EndGlobalSection
	GlobalSection(ProjectConfigurationPlatforms) = postSolution
		{2194D7EB-FBBB-45A5-90EA-4F95C0CC987A}.Debug|Any CPU.ActiveCfg = Debug|Any CPU
		{2194D7EB-FBBB-45A5-90EA-4F95C0CC987A}.Debug|Any CPU.Build.0 = Debug|Any CPU
		{2194D7EB-FBBB-45A5-90EA-4F95C0CC987A}.Debug|x64.ActiveCfg = Debug|Any CPU
		{2194D7EB-FBBB-45A5-90EA-4F95C0CC987A}.Debug|x64.Build.0 = Debug|Any CPU
		{2194D7EB-FBBB-45A5-90EA-4F95C0CC987A}.Debug|x86.ActiveCfg = Debug|Any CPU
		{2194D7EB-FBBB-45A5-90EA-4F95C0CC987A}.Debug|x86.Build.0 = Debug|Any CPU
		{2194D7EB-FBBB-45A5-90EA-4F95C0CC987A}.Release|Any CPU.ActiveCfg = Release|Any CPU
		{2194D7EB-FBBB-45A5-90EA-4F95C0CC987A}.Release|Any CPU.Build.0 = Release|Any CPU
		{2194D7EB-FBBB-45A5-90EA-4F95C0CC987A}.Release|x64.ActiveCfg = Release|Any CPU
		{2194D7EB-FBBB-45A5-90EA-4F95C0CC987A}.Release|x64.Build.0 = Release|Any CPU
		{2194D7EB-FBBB-45A5-90EA-4F95C0CC987A}.Release|x86.ActiveCfg = Release|Any CPU
		{2194D7EB-FBBB-45A5-90EA-4F95C0CC987A}.Release|x86.Build.0 = Release|Any CPU
		{BD11B3A8-92D0-4DD7-82F3-EB896E139114}.Debug|Any CPU.ActiveCfg = Debug|Any CPU
		{BD11B3A8-92D0-4DD7-82F3-EB896E139114}.Debug|Any CPU.Build.0 = Debug|Any CPU
		{BD11B3A8-92D0-4DD7-82F3-EB896E139114}.Debug|x64.ActiveCfg = Debug|Any CPU
		{BD11B3A8-92D0-4DD7-82F3-EB896E139114}.Debug|x64.Build.0 = Debug|Any CPU
		{BD11B3A8-92D0-4DD7-82F3-EB896E139114}.Debug|x86.ActiveCfg = Debug|Any CPU
		{BD11B3A8-92D0-4DD7-82F3-EB896E139114}.Debug|x86.Build.0 = Debug|Any CPU
		{BD11B3A8-92D0-4DD7-82F3-EB896E139114}.Release|Any CPU.ActiveCfg = Release|Any CPU
		{BD11B3A8-92D0-4DD7-82F3-EB896E139114}.Release|Any CPU.Build.0 = Release|Any CPU
		{BD11B3A8-92D0-4DD7-82F3-EB896E139114}.Release|x64.ActiveCfg = Release|Any CPU
		{BD11B3A8-92D0-4DD7-82F3-EB896E139114}.Release|x64.Build.0 = Release|Any CPU
		{BD11B3A8-92D0-4DD7-82F3-EB896E139114}.Release|x86.ActiveCfg = Release|Any CPU
		{BD11B3A8-92D0-4DD7-82F3-EB896E139114}.Release|x86.Build.0 = Release|Any CPU
	EndGlobalSection
EndGlobal
